
Microsoft Visual Studio Solution File, Format Version 12.00
# Visual Studio Version 16
VisualStudioVersion = 16.0.29519.87
MinimumVisualStudioVersion = 10.0.40219.1
Project("{FAE04EC0-301F-11D3-BF4B-00C04F79EFBC}") = "Lab Example", "Lab Example\Lab Example.csproj", "{0634A728-2772-42D6-A5D9-A34F7719685E}"
EndProject
Global
	GlobalSection(SolutionConfigurationPlatforms) = preSolution
		Debug|Any CPU = Debug|Any CPU
		Release|Any CPU = Release|Any CPU
	EndGlobalSection
	GlobalSection(ProjectConfigurationPlatforms) = postSolution
		{0634A728-2772-42D6-A5D9-A34F7719685E}.Debug|Any CPU.ActiveCfg = Debug|Any CPU
		{0634A728-2772-42D6-A5D9-A34F7719685E}.Debug|Any CPU.Build.0 = Debug|Any CPU
		{0634A728-2772-42D6-A5D9-A34F7719685E}.Release|Any CPU.ActiveCfg = Release|Any CPU
		{0634A728-2772-42D6-A5D9-A34F7719685E}.Release|Any CPU.Build.0 = Release|Any CPU
	EndGlobalSection
	GlobalSection(SolutionProperties) = preSolution
		HideSolutionNode = FALSE
	EndGlobalSection
	GlobalSection(ExtensibilityGlobals) = postSolution
		SolutionGuid = {395E3DFA-0BBB-4F60-9362-7ABF9B20599C}
	EndGlobalSection
EndGlobal
